PODS:
  - Argo (2.2.0)
  - Curry (1.4.0)
  - Freddy (2.0.1)
  - SwiftyJSON (2.3.2)

DEPENDENCIES:
  - Argo
  - Curry
  - Freddy
  - SwiftyJSON (~> 2.3)

SPEC CHECKSUMS:
  Argo: 4f52a32b4cd913c204e5a45f420b3fccad3e3f24
  Curry: 294533187eedbf52db60a1e70c29b4f5c9f621c0
  Freddy: c4e5ff6cc28239097da3bcf08b2f114f2229e2ee
  SwiftyJSON: 04ccea08915aa0109039157c7974cf0298da292a

COCOAPODS: 0.39.0
